
Microsoft Visual Studio Solution File, Format Version 12.00
# Visual Studio Version 17
VisualStudioVersion = 17.5.33414.496
MinimumVisualStudioVersion = 10.0.40219.1
Project("{FAE04EC0-301F-11D3-BF4B-00C04F79EFBC}") = "Better_Gorillas", "Better_Gorillas.csproj", "{E0C1622A-2814-473C-B6AC-8A79044C4A91}"
EndProject
Global
	GlobalSection(SolutionConfigurationPlatforms) = preSolution
		Debug|Any CPU = Debug|Any CPU
		Release|Any CPU = Release|Any CPU
	EndGlobalSection
	GlobalSection(ProjectConfigurationPlatforms) = postSolution
		{E0C1622A-2814-473C-B6AC-8A79044C4A91}.Debug|Any CPU.ActiveCfg = Debug|Any CPU
		{E0C1622A-2814-473C-B6AC-8A79044C4A91}.Debug|Any CPU.Build.0 = Debug|Any CPU
		{E0C1622A-2814-473C-B6AC-8A79044C4A91}.Release|Any CPU.ActiveCfg = Release|Any CPU
		{E0C1622A-2814-473C-B6AC-8A79044C4A91}.Release|Any CPU.Build.0 = Release|Any CPU
	EndGlobalSection
	GlobalSection(SolutionProperties) = preSolution
		HideSolutionNode = FALSE
	EndGlobalSection
	GlobalSection(ExtensibilityGlobals) = postSolution
		SolutionGuid = {ED0E15E5-5F05-4120-807C-DDEC9C06EE17}
	EndGlobalSection
EndGlobal
